Microsoft Visual Studio Solution File, Format Version 12.00
# Visual Studio Version 17
VisualStudioVersion = 17.5.2.0
MinimumVisualStudioVersion = 10.0.40219.1
Project("{FAE04EC0-301F-11D3-BF4B-00C04F79EFBC}") = "WebApi-Tarefas", "WebApi-Tarefas.csproj", "{74DEDEEC-E53C-5311-CB01-43E9FB477A46}"
EndProject
Global
	GlobalSection(SolutionConfigurationPlatforms) = preSolution
		Debug|Any CPU = Debug|Any CPU
		Release|Any CPU = Release|Any CPU
	EndGlobalSection
	GlobalSection(ProjectConfigurationPlatforms) = postSolution
		{74DEDEEC-E53C-5311-CB01-43E9FB477A46}.Debug|Any CPU.ActiveCfg = Debug|Any CPU
		{74DEDEEC-E53C-5311-CB01-43E9FB477A46}.Debug|Any CPU.Build.0 = Debug|Any CPU
		{74DEDEEC-E53C-5311-CB01-43E9FB477A46}.Release|Any CPU.ActiveCfg = Release|Any CPU
		{74DEDEEC-E53C-5311-CB01-43E9FB477A46}.Release|Any CPU.Build.0 = Release|Any CPU
	EndGlobalSection
	GlobalSection(SolutionProperties) = preSolution
		HideSolutionNode = FALSE
	EndGlobalSection
	GlobalSection(ExtensibilityGlobals) = postSolution
		SolutionGuid = {398CE785-40CC-4483-874B-77008B6B0024}
	EndGlobalSection
EndGlobal
